// !$*UTF8*$!
{
	archiveVersion = 1;
	classes = {
	};
	objectVersion = 77;
	objects = {

/* Begin PBXBuildFile section */
		30B53A8F2EFC5EF3009EB585 /* DesignSystem in Frameworks */ = {isa = PBXBuildFile; productRef = 30B53A8E2EFC5EF3009EB585 /* DesignSystem */; };
		30B53A922EFC5F03009EB585 /* PlatformKit in Frameworks */ = {isa = PBXBuildFile; productRef = 30B53A912EFC5F03009EB585 /* PlatformKit */; };
		30B53A952EFC5F13009EB585 /* FeedFeature in Frameworks */ = {isa = PBXBuildFile; productRef = 30B53A942EFC5F13009EB585 /* FeedFeature */; };
		30B53A982EFC5F23009EB585 /* FriendsFeature in Frameworks */ = {isa = PBXBuildFile; productRef = 30B53A972EFC5F23009EB585 /* FriendsFeature */; };
		30B53A9B2EFC5F35009EB585 /* ProfileFeature in Frameworks */ = {isa = PBXBuildFile; productRef = 30B53A9A2EFC5F35009EB585 /* ProfileFeature */; };
		30B53AAA2EFC5FC9009EB585 /* PlatformKit in Frameworks */ = {isa = PBXBuildFile; productRef = 30B53AA92EFC5FC9009EB585 /* PlatformKit */; };
		30B53AAD2EFC5FDE009EB585 /* DesignSystem in Frameworks */ = {isa = PBXBuildFile; productRef = 30B53AAC2EFC5FDE009EB585 /* DesignSystem */; };
		30B53B8B2EFCA84D009EB585 /* FeedFeature in Frameworks */ = {isa = PBXBuildFile; productRef = 30B53B8A2EFCA84D009EB585 /* FeedFeature */; };
		30B53B8E2EFCA860009EB585 /* FriendsFeature in Frameworks */ = {isa = PBXBuildFile; productRef = 30B53B8D2EFCA860009EB585 /* FriendsFeature */; };
		30B53B912EFCA871009EB585 /* ProfileFeature in Frameworks */ = {isa = PBXBuildFile; productRef = 30B53B902EFCA871009EB585 /* ProfileFeature */; };
/* End PBXBuildFile section */

/* Begin PBXContainerItemProxy section */
		308B13222EF9C631006BF4EB /* PBXContainerItemProxy */ = {
			isa = PBXContainerItemProxy;
			containerPortal = 308B130C2EF9C630006BF4EB /* Project object */;
			proxyType = 1;
			remoteGlobalIDString = 308B13132EF9C630006BF4EB;
			remoteInfo = Wefriendz;
		};
		308B132C2EF9C631006BF4EB /* PBXContainerItemProxy */ = {
			isa = PBXContainerItemProxy;
			containerPortal = 308B130C2EF9C630006BF4EB /* Project object */;
			proxyType = 1;
			remoteGlobalIDString = 308B13132EF9C630006BF4EB;
			remoteInfo = Wefriendz;
		};
/* End PBXContainerItemProxy section */

/* Begin PBXFileReference section */
		308B13142EF9C630006BF4EB /* Wefriendz.app */ = {isa = PBXFileReference; explicitFileType = wrapper.application; includeInIndex = 0; path = Wefriendz.app; sourceTree = BUILT_PRODUCTS_DIR; };
		308B13212EF9C631006BF4EB /* WefriendzTests.xctest */ = {isa = PBXFileReference; explicitFileType = wrapper.cfbundle; includeInIndex = 0; path = WefriendzTests.xctest; sourceTree = BUILT_PRODUCTS_DIR; };
		308B132B2EF9C631006BF4EB /* WefriendzUITests.xctest */ = {isa = PBXFileReference; explicitFileType = wrapper.cfbundle; includeInIndex = 0; path = WefriendzUITests.xctest; sourceTree = BUILT_PRODUCTS_DIR; };
/* End PBXFileReference section */

/* Begin PBXFileSystemSynchronizedRootGroup section */
		308B13162EF9C630006BF4EB /* Wefriendz */ = {
			isa = PBXFileSystemSynchronizedRootGroup;
			path = Wefriendz;
			sourceTree = "<group>";
		};
		308B13242EF9C631006BF4EB /* WefriendzTests */ = {
			isa = PBXFileSystemSynchronizedRootGroup;
			path = WefriendzTests;
			sourceTree = "<group>";
		};
		308B132E2EF9C631006BF4EB /* WefriendzUITests */ = {
			isa = PBXFileSystemSynchronizedRootGroup;
			path = WefriendzUITests;
			sourceTree = "<group>";
		};
/* End PBXFileSystemSynchronizedRootGroup section */

/* Begin PBXFrameworksBuildPhase section */
		308B13112EF9C630006BF4EB /* Frameworks */ = {
			isa = PBXFrameworksBuildPhase;
			buildActionMask = 2147483647;
			files = (
				30B53B8E2EFCA860009EB585 /* FriendsFeature in Frameworks */,
				30B53A952EFC5F13009EB585 /* FeedFeature in Frameworks */,
				30B53A982EFC5F23009EB585 /* FriendsFeature in Frameworks */,
				30B53AAD2EFC5FDE009EB585 /* DesignSystem in Frameworks */,
				30B53B8B2EFCA84D009EB585 /* FeedFeature in Frameworks */,
				30B53A922EFC5F03009EB585 /* PlatformKit in Frameworks */,
				30B53A8F2EFC5EF3009EB585 /* DesignSystem in Frameworks */,
				30B53AAA2EFC5FC9009EB585 /* PlatformKit in Frameworks */,
				30B53A9B2EFC5F35009EB585 /* ProfileFeature in Frameworks */,
				30B53B912EFCA871009EB585 /* ProfileFeature in Frameworks */,
			);
			runOnlyForDeploymentPostprocessing = 0;
		};
		308B131E2EF9C631006BF4EB /* Frameworks */ = {
			isa = PBXFrameworksBuildPhase;
			buildActionMask = 2147483647;
			files = (
			);
			runOnlyForDeploymentPostprocessing = 0;
		};
		308B13282EF9C631006BF4EB /* Frameworks */ = {
			isa = PBXFrameworksBuildPhase;
			buildActionMask = 2147483647;
			files = (
			);
			runOnlyForDeploymentPostprocessing = 0;
		};
/* End PBXFrameworksBuildPhase section */

/* Begin PBXGroup section */
		308B130B2EF9C630006BF4EB = {
			isa = PBXGroup;
			children = (
				308B13162EF9C630006BF4EB /* Wefriendz */,
				308B13242EF9C631006BF4EB /* WefriendzTests */,
				308B132E2EF9C631006BF4EB /* WefriendzUITests */,
				308B14812EFB4E71006BF4EB /* Frameworks */,
				308B13152EF9C630006BF4EB /* Products */,
			);
			sourceTree = "<group>";
		};
		308B13152EF9C630006BF4EB /* Products */ = {
			isa = PBXGroup;
			children = (
				308B13142EF9C630006BF4EB /* Wefriendz.app */,
				308B13212EF9C631006BF4EB /* WefriendzTests.xctest */,
				308B132B2EF9C631006BF4EB /* WefriendzUITests.xctest */,
			);
			name = Products;
			sourceTree = "<group>";
		};
		308B14812EFB4E71006BF4EB /* Frameworks */ = {
			isa = PBXGroup;
			children = (
			);
			name = Frameworks;
			sourceTree = "<group>";
		};
/* End PBXGroup section */

/* Begin PBXNativeTarget section */
		308B13132EF9C630006BF4EB /* Wefriendz */ = {
			isa = PBXNativeTarget;
			buildConfigurationList = 308B13352EF9C631006BF4EB /* Build configuration list for PBXNativeTarget "Wefriendz" */;
			buildPhases = (
				308B13102EF9C630006BF4EB /* Sources */,
				308B13112EF9C630006BF4EB /* Frameworks */,
				308B13122EF9C630006BF4EB /* Resources */,
			);
			buildRules = (
			);
			dependencies = (
			);
			fileSystemSynchronizedGroups = (
				308B13162EF9C630006BF4EB /* Wefriendz */,
			);
			name = Wefriendz;
			packageProductDependencies = (
				30B53A8E2EFC5EF3009EB585 /* DesignSystem */,
				30B53A912EFC5F03009EB585 /* PlatformKit */,
				30B53A942EFC5F13009EB585 /* FeedFeature */,
				30B53A972EFC5F23009EB585 /* FriendsFeature */,
				30B53A9A2EFC5F35009EB585 /* ProfileFeature */,
				30B53AA92EFC5FC9009EB585 /* PlatformKit */,
				30B53AAC2EFC5FDE009EB585 /* DesignSystem */,
				30B53B8A2EFCA84D009EB585 /* FeedFeature */,
				30B53B8D2EFCA860009EB585 /* FriendsFeature */,
				30B53B902EFCA871009EB585 /* ProfileFeature */,
			);
			productName = Wefriendz;
			productReference = 308B13142EF9C630006BF4EB /* Wefriendz.app */;
			productType = "com.apple.product-type.application";
		};
		308B13202EF9C631006BF4EB /* WefriendzTests */ = {
			isa = PBXNativeTarget;
			buildConfigurationList = 308B13382EF9C631006BF4EB /* Build configuration list for PBXNativeTarget "WefriendzTests" */;
			buildPhases = (
				308B131D2EF9C631006BF4EB /* Sources */,
				308B131E2EF9C631006BF4EB /* Frameworks */,
				308B131F2EF9C631006BF4EB /* Resources */,
			);
			buildRules = (
			);
			dependencies = (
				308B13232EF9C631006BF4EB /* PBXTargetDependency */,
			);
			fileSystemSynchronizedGroups = (
				308B13242EF9C631006BF4EB /* WefriendzTests */,
			);
			name = WefriendzTests;
			packageProductDependencies = (
			);
			productName = WefriendzTests;
			productReference = 308B13212EF9C631006BF4EB /* WefriendzTests.xctest */;
			productType = "com.apple.product-type.bundle.unit-test";
		};
		308B132A2EF9C631006BF4EB /* WefriendzUITests */ = {
			isa = PBXNativeTarget;
			buildConfigurationList = 308B133B2EF9C631006BF4EB /* Build configuration list for PBXNativeTarget "WefriendzUITests" */;
			buildPhases = (
				308B13272EF9C631006BF4EB /* Sources */,
				308B13282EF9C631006BF4EB /* Frameworks */,
				308B13292EF9C631006BF4EB /* Resources */,
			);
			buildRules = (
			);
			dependencies = (
				308B132D2EF9C631006BF4EB /* PBXTargetDependency */,
			);
			fileSystemSynchronizedGroups = (
				308B132E2EF9C631006BF4EB /* WefriendzUITests */,
			);
			name = WefriendzUITests;
			packageProductDependencies = (
			);
			productName = WefriendzUITests;
			productReference = 308B132B2EF9C631006BF4EB /* WefriendzUITests.xctest */;
			productType = "com.apple.product-type.bundle.ui-testing";
		};
/* End PBXNativeTarget section */

/* Begin PBXProject section */
		308B130C2EF9C630006BF4EB /* Project object */ = {
			isa = PBXProject;
			attributes = {
				BuildIndependentTargetsInParallel = 1;
				LastSwiftUpdateCheck = 2620;
				LastUpgradeCheck = 2620;
				TargetAttributes = {
					308B13132EF9C630006BF4EB = {
						CreatedOnToolsVersion = 26.2;
					};
					308B13202EF9C631006BF4EB = {
						CreatedOnToolsVersion = 26.2;
						TestTargetID = 308B13132EF9C630006BF4EB;
					};
					308B132A2EF9C631006BF4EB = {
						CreatedOnToolsVersion = 26.2;
						TestTargetID = 308B13132EF9C630006BF4EB;
					};
				};
			};
			buildConfigurationList = 308B130F2EF9C630006BF4EB /* Build configuration list for PBXProject "Wefriendz" */;
			developmentRegion = en;
			hasScannedForEncodings = 0;
			knownRegions = (
				en,
				Base,
			);
			mainGroup = 308B130B2EF9C630006BF4EB;
			minimizedProjectReferenceProxies = 1;
			packageReferences = (
				30B53AA82EFC5FC9009EB585 /* XCRemoteSwiftPackageReference "PlatformKit" */,
				30B53AAB2EFC5FDE009EB585 /* XCRemoteSwiftPackageReference "DesignSystem" */,
				30B53B892EFCA84D009EB585 /* XCRemoteSwiftPackageReference "FeedFeature" */,
				30B53B8C2EFCA860009EB585 /* XCRemoteSwiftPackageReference "FriendsFeature" */,
				30B53B8F2EFCA871009EB585 /* XCRemoteSwiftPackageReference "ProfileFeature" */,
			);
			preferredProjectObjectVersion = 77;
			productRefGroup = 308B13152EF9C630006BF4EB /* Products */;
			projectDirPath = "";
			projectRoot = "";
			targets = (
				308B13132EF9C630006BF4EB /* Wefriendz */,
				308B13202EF9C631006BF4EB /* WefriendzTests */,
				308B132A2EF9C631006BF4EB /* WefriendzUITests */,
			);
		};
/* End PBXProject section */

/* Begin PBXResourcesBuildPhase section */
		308B13122EF9C630006BF4EB /* Resources */ = {
			isa = PBXResourcesBuildPhase;
			buildActionMask = 2147483647;
			files = (
			);
			runOnlyForDeploymentPostprocessing = 0;
		};
		308B131F2EF9C631006BF4EB /* Resources */ = {
			isa = PBXResourcesBuildPhase;
			buildActionMask = 2147483647;
			files = (
			);
			runOnlyForDeploymentPostprocessing = 0;
		};
		308B13292EF9C631006BF4EB /* Resources */ = {
			isa = PBXResourcesBuildPhase;
			buildActionMask = 2147483647;
			files = (
			);
			runOnlyForDeploymentPostprocessing = 0;
		};
/* End PBXResourcesBuildPhase section */

/* Begin PBXSourcesBuildPhase section */
		308B13102EF9C630006BF4EB /* Sources */ = {
			isa = PBXSourcesBuildPhase;
			buildActionMask = 2147483647;
			files = (
			);
			runOnlyForDeploymentPostprocessing = 0;
		};
		308B131D2EF9C631006BF4EB /* Sources */ = {
			isa = PBXSourcesBuildPhase;
			buildActionMask = 2147483647;
			files = (
			);
			runOnlyForDeploymentPostprocessing = 0;
		};
		308B13272EF9C631006BF4EB /* Sources */ = {
			isa = PBXSourcesBuildPhase;
			buildActionMask = 2147483647;
			files = (
			);
			runOnlyForDeploymentPostprocessing = 0;
		};
/* End PBXSourcesBuildPhase section */

/* Begin PBXTargetDependency section */
		308B13232EF9C631006BF4EB /* PBXTargetDependency */ = {
			isa = PBXTargetDependency;
			target = 308B13132EF9C630006BF4EB /* Wefriendz */;
			targetProxy = 308B13222EF9C631006BF4EB /* PBXContainerItemProxy */;
		};
		308B132D2EF9C631006BF4EB /* PBXTargetDependency */ = {
			isa = PBXTargetDependency;
			target = 308B13132EF9C630006BF4EB /* Wefriendz */;
			targetProxy = 308B132C2EF9C631006BF4EB /* PBXContainerItemProxy */;
		};
/* End PBXTargetDependency section */

/* Begin XCBuildConfiguration section */
		308B13332EF9C631006BF4EB /* Debug */ = {
			isa = XCBuildConfiguration;
			buildSettings = {
				ALWAYS_SEARCH_USER_PATHS = NO;
				ASSETCATALOG_COMPILER_GENERATE_SWIFT_ASSET_SYMBOL_EXTENSIONS = YES;
				CLANG_ANALYZER_NONNULL = YES;
				CLANG_ANALYZER_NUMBER_OBJECT_CONVERSION = YES_AGGRESSIVE;
				CLANG_CXX_LANGUAGE_STANDARD = "gnu++20";
				CLANG_ENABLE_MODULES = YES;
				CLANG_ENABLE_OBJC_ARC = YES;
				CLANG_ENABLE_OBJC_WEAK = YES;
				CLANG_WARN_BLOCK_CAPTURE_AUTORELEASING = YES;
				CLANG_WARN_BOOL_CONVERSION = YES;
				CLANG_WARN_COMMA = YES;
				CLANG_WARN_CONSTANT_CONVERSION = YES;
				CLANG_WARN_DEPRECATED_OBJC_IMPLEMENTATIONS = YES;
				CLANG_WARN_DIRECT_OBJC_ISA_USAGE = YES_ERROR;
				CLANG_WARN_DOCUMENTATION_COMMENTS = YES;
				CLANG_WARN_EMPTY_BODY = YES;
				CLANG_WARN_ENUM_CONVERSION = YES;
				CLANG_WARN_INFINITE_RECURSION = YES;
				CLANG_WARN_INT_CONVERSION = YES;
				CLANG_WARN_NON_LITERAL_NULL_CONVERSION = YES;
				CLANG_WARN_OBJC_IMPLICIT_RETAIN_SELF = YES;
				CLANG_WARN_OBJC_LITERAL_CONVERSION = YES;
				CLANG_WARN_OBJC_ROOT_CLASS = YES_ERROR;
				CLANG_WARN_QUOTED_INCLUDE_IN_FRAMEWORK_HEADER = YES;
				CLANG_WARN_RANGE_LOOP_ANALYSIS = YES;
				CLANG_WARN_STRICT_PROTOTYPES = YES;
				CLANG_WARN_SUSPICIOUS_MOVE = YES;
				CLANG_WARN_UNGUARDED_AVAILABILITY = YES_AGGRESSIVE;
				CLANG_WARN_UNREACHABLE_CODE = YES;
				CLANG_WARN__DUPLICATE_METHOD_MATCH = YES;
				COPY_PHASE_STRIP = NO;
				DEBUG_INFORMATION_FORMAT = dwarf;
				ENABLE_STRICT_OBJC_MSGSEND = YES;
				ENABLE_TESTABILITY = YES;
				ENABLE_USER_SCRIPT_SANDBOXING = YES;
				GCC_C_LANGUAGE_STANDARD = gnu17;
				GCC_DYNAMIC_NO_PIC = NO;
				GCC_NO_COMMON_BLOCKS = YES;
				GCC_OPTIMIZATION_LEVEL = 0;
				GCC_PREPROCESSOR_DEFINITIONS = (
					"DEBUG=1",
					"$(inherited)",
				);
				GCC_WARN_64_TO_32_BIT_CONVERSION = YES;
				GCC_WARN_ABOUT_RETURN_TYPE = YES_ERROR;
				GCC_WARN_UNDECLARED_SELECTOR = YES;
				GCC_WARN_UNINITIALIZED_AUTOS = YES_AGGRESSIVE;
				GCC_WARN_UNUSED_FUNCTION = YES;
				GCC_WARN_UNUSED_VARIABLE = YES;
				IPHONEOS_DEPLOYMENT_TARGET = 26.2;
				LOCALIZATION_PREFERS_STRING_CATALOGS = YES;
				MTL_ENABLE_DEBUG_INFO = INCLUDE_SOURCE;
				MTL_FAST_MATH = YES;
				ONLY_ACTIVE_ARCH = YES;
				SDKROOT = iphoneos;
				SWIFT_ACTIVE_COMPILATION_CONDITIONS = "DEBUG $(inherited)";
				SWIFT_OPTIMIZATION_LEVEL = "-Onone";
			};
			name = Debug;
		};
		308B13342EF9C631006BF4EB /* Release */ = {
			isa = XCBuildConfiguration;
			buildSettings = {
				ALWAYS_SEARCH_USER_PATHS = NO;
				ASSETCATALOG_COMPILER_GENERATE_SWIFT_ASSET_SYMBOL_EXTENSIONS = YES;
				CLANG_ANALYZER_NONNULL = YES;
				CLANG_ANALYZER_NUMBER_OBJECT_CONVERSION = YES_AGGRESSIVE;
				CLANG_CXX_LANGUAGE_STANDARD = "gnu++20";
				CLANG_ENABLE_MODULES = YES;
				CLANG_ENABLE_OBJC_ARC = YES;
				CLANG_ENABLE_OBJC_WEAK = YES;
				CLANG_WARN_BLOCK_CAPTURE_AUTORELEASING = YES;
				CLANG_WARN_BOOL_CONVERSION = YES;
				CLANG_WARN_COMMA = YES;
				CLANG_WARN_CONSTANT_CONVERSION = YES;
				CLANG_WARN_DEPRECATED_OBJC_IMPLEMENTATIONS = YES;
				CLANG_WARN_DIRECT_OBJC_ISA_USAGE = YES_ERROR;
				CLANG_WARN_DOCUMENTATION_COMMENTS = YES;
				CLANG_WARN_EMPTY_BODY = YES;
				CLANG_WARN_ENUM_CONVERSION = YES;
				CLANG_WARN_INFINITE_RECURSION = YES;
				CLANG_WARN_INT_CONVERSION = YES;
				CLANG_WARN_NON_LITERAL_NULL_CONVERSION = YES;
				CLANG_WARN_OBJC_IMPLICIT_RETAIN_SELF = YES;
				CLANG_WARN_OBJC_LITERAL_CONVERSION = YES;
				CLANG_WARN_OBJC_ROOT_CLASS = YES_ERROR;
				CLANG_WARN_QUOTED_INCLUDE_IN_FRAMEWORK_HEADER = YES;
				CLANG_WARN_RANGE_LOOP_ANALYSIS = YES;
				CLANG_WARN_STRICT_PROTOTYPES = YES;
				CLANG_WARN_SUSPICIOUS_MOVE = YES;
				CLANG_WARN_UNGUARDED_AVAILABILITY = YES_AGGRESSIVE;
				CLANG_WARN_UNREACHABLE_CODE = YES;
				CLANG_WARN__DUPLICATE_METHOD_MATCH = YES;
				COPY_PHASE_STRIP = NO;
				DEBUG_INFORMATION_FORMAT = "dwarf-with-dsym";
				ENABLE_NS_ASSERTIONS = NO;
				ENABLE_STRICT_OBJC_MSGSEND = YES;
				ENABLE_USER_SCRIPT_SANDBOXING = YES;
				GCC_C_LANGUAGE_STANDARD = gnu17;
				GCC_NO_COMMON_BLOCKS = YES;
				GCC_WARN_64_TO_32_BIT_CONVERSION = YES;
				GCC_WARN_ABOUT_RETURN_TYPE = YES_ERROR;
				GCC_WARN_UNDECLARED_SELECTOR = YES;
				GCC_WARN_UNINITIALIZED_AUTOS = YES_AGGRESSIVE;
				GCC_WARN_UNUSED_FUNCTION = YES;
				GCC_WARN_UNUSED_VARIABLE = YES;
				IPHONEOS_DEPLOYMENT_TARGET = 26.2;
				LOCALIZATION_PREFERS_STRING_CATALOGS = YES;
				MTL_ENABLE_DEBUG_INFO = NO;
				MTL_FAST_MATH = YES;
				SDKROOT = iphoneos;
				SWIFT_COMPILATION_MODE = wholemodule;
				VALIDATE_PRODUCT = YES;
			};
			name = Release;
		};
		308B13362EF9C631006BF4EB /* Debug */ = {
			isa = XCBuildConfiguration;
			buildSettings = {
				ASSETCATALOG_COMPILER_APPICON_NAME = AppIcon;
				ASSETCATALOG_COMPILER_GLOBAL_ACCENT_COLOR_NAME = AccentColor;
				CODE_SIGN_STYLE = Automatic;
				CURRENT_PROJECT_VERSION = 1;
				ENABLE_PREVIEWS = YES;
				GENERATE_INFOPLIST_FILE = YES;
				INFOPLIST_KEY_UIApplicationSceneManifest_Generation = YES;
				INFOPLIST_KEY_UIApplicationSupportsIndirectInputEvents = YES;
				INFOPLIST_KEY_UILaunchScreen_Generation = YES;
				INFOPLIST_KEY_UISupportedInterfaceOrientations_iPad = "UIInterfaceOrientationPortrait UIInterfaceOrientationPortraitUpsideDown UIInterfaceOrientationLandscapeLeft UIInterfaceOrientationLandscapeRight";
				INFOPLIST_KEY_UISupportedInterfaceOrientations_iPhone = "UIInterfaceOrientationPortrait UIInterfaceOrientationLandscapeLeft UIInterfaceOrientationLandscapeRight";
				LD_RUNPATH_SEARCH_PATHS = (
					"$(inherited)",
					"@executable_path/Frameworks",
				);
				MARKETING_VERSION = 1.0;
				PRODUCT_BUNDLE_IDENTIFIER = com.chinthaka.Wefriendz;
				PRODUCT_NAME = "$(TARGET_NAME)";
				STRING_CATALOG_GENERATE_SYMBOLS = YES;
				SUPPORTED_PLATFORMS = "iphoneos iphonesimulator";
				SUPPORTS_MACCATALYST = NO;
				SUPPORTS_MAC_DESIGNED_FOR_IPHONE_IPAD = NO;
				SUPPORTS_XR_DESIGNED_FOR_IPHONE_IPAD = NO;
				SWIFT_APPROACHABLE_CONCURRENCY = YES;
				SWIFT_DEFAULT_ACTOR_ISOLATION = MainActor;
				SWIFT_EMIT_LOC_STRINGS = YES;
				SWIFT_UPCOMING_FEATURE_MEMBER_IMPORT_VISIBILITY = YES;
				SWIFT_VERSION = 5.0;
				TARGETED_DEVICE_FAMILY = "1,2";
			};
			name = Debug;
		};
		308B13372EF9C631006BF4EB /* Release */ = {
			isa = XCBuildConfiguration;
			buildSettings = {
				ASSETCATALOG_COMPILER_APPICON_NAME = AppIcon;
				ASSETCATALOG_COMPILER_GLOBAL_ACCENT_COLOR_NAME = AccentColor;
				CODE_SIGN_STYLE = Automatic;
				CURRENT_PROJECT_VERSION = 1;
				ENABLE_PREVIEWS = YES;
				GENERATE_INFOPLIST_FILE = YES;
				INFOPLIST_KEY_UIApplicationSceneManifest_Generation = YES;
				INFOPLIST_KEY_UIApplicationSupportsIndirectInputEvents = YES;
				INFOPLIST_KEY_UILaunchScreen_Generation = YES;
				INFOPLIST_KEY_UISupportedInterfaceOrientations_iPad = "UIInterfaceOrientationPortrait UIInterfaceOrientationPortraitUpsideDown UIInterfaceOrientationLandscapeLeft UIInterfaceOrientationLandscapeRight";
				INFOPLIST_KEY_UISupportedInterfaceOrientations_iPhone = "UIInterfaceOrientationPortrait UIInterfaceOrientationLandscapeLeft UIInterfaceOrientationLandscapeRight";
				LD_RUNPATH_SEARCH_PATHS = (
					"$(inherited)",
					"@executable_path/Frameworks",
				);
				MARKETING_VERSION = 1.0;
				PRODUCT_BUNDLE_IDENTIFIER = com.chinthaka.Wefriendz;
				PRODUCT_NAME = "$(TARGET_NAME)";
				STRING_CATALOG_GENERATE_SYMBOLS = YES;
				SUPPORTED_PLATFORMS = "iphoneos iphonesimulator";
				SUPPORTS_MACCATALYST = NO;
				SUPPORTS_MAC_DESIGNED_FOR_IPHONE_IPAD = NO;
				SUPPORTS_XR_DESIGNED_FOR_IPHONE_IPAD = NO;
				SWIFT_APPROACHABLE_CONCURRENCY = YES;
				SWIFT_DEFAULT_ACTOR_ISOLATION = MainActor;
				SWIFT_EMIT_LOC_STRINGS = YES;
				SWIFT_UPCOMING_FEATURE_MEMBER_IMPORT_VISIBILITY = YES;
				SWIFT_VERSION = 5.0;
				TARGETED_DEVICE_FAMILY = "1,2";
			};
			name = Release;
		};
		308B13392EF9C631006BF4EB /* Debug */ = {
			isa = XCBuildConfiguration;
			buildSettings = {
				BUNDLE_LOADER = "$(TEST_HOST)";
				CODE_SIGN_STYLE = Automatic;
				CURRENT_PROJECT_VERSION = 1;
				GENERATE_INFOPLIST_FILE = YES;
				IPHONEOS_DEPLOYMENT_TARGET = 26.2;
				MARKETING_VERSION = 1.0;
				PRODUCT_BUNDLE_IDENTIFIER = com.chinthaka.WefriendzTests;
				PRODUCT_NAME = "$(TARGET_NAME)";
				STRING_CATALOG_GENERATE_SYMBOLS = NO;
				SWIFT_APPROACHABLE_CONCURRENCY = YES;
				SWIFT_EMIT_LOC_STRINGS = NO;
				SWIFT_UPCOMING_FEATURE_MEMBER_IMPORT_VISIBILITY = YES;
				SWIFT_VERSION = 5.0;
				TARGETED_DEVICE_FAMILY = "1,2";
				TEST_HOST = "$(BUILT_PRODUCTS_DIR)/Wefriendz.app/$(BUNDLE_EXECUTABLE_FOLDER_PATH)/Wefriendz";
			};
			name = Debug;
		};
		308B133A2EF9C631006BF4EB /* Release */ = {
			isa = XCBuildConfiguration;
			buildSettings = {
				BUNDLE_LOADER = "$(TEST_HOST)";
				CODE_SIGN_STYLE = Automatic;
				CURRENT_PROJECT_VERSION = 1;
				GENERATE_INFOPLIST_FILE = YES;
				IPHONEOS_DEPLOYMENT_TARGET = 26.2;
				MARKETING_VERSION = 1.0;
				PRODUCT_BUNDLE_IDENTIFIER = com.chinthaka.WefriendzTests;
				PRODUCT_NAME = "$(TARGET_NAME)";
				STRING_CATALOG_GENERATE_SYMBOLS = NO;
				SWIFT_APPROACHABLE_CONCURRENCY = YES;
				SWIFT_EMIT_LOC_STRINGS = NO;
				SWIFT_UPCOMING_FEATURE_MEMBER_IMPORT_VISIBILITY = YES;
				SWIFT_VERSION = 5.0;
				TARGETED_DEVICE_FAMILY = "1,2";
				TEST_HOST = "$(BUILT_PRODUCTS_DIR)/Wefriendz.app/$(BUNDLE_EXECUTABLE_FOLDER_PATH)/Wefriendz";
			};
			name = Release;
		};
		308B133C2EF9C631006BF4EB /* Debug */ = {
			isa = XCBuildConfiguration;
			buildSettings = {
				CODE_SIGN_STYLE = Automatic;
				CURRENT_PROJECT_VERSION = 1;
				GENERATE_INFOPLIST_FILE = YES;
				MARKETING_VERSION = 1.0;
				PRODUCT_BUNDLE_IDENTIFIER = com.chinthaka.WefriendzUITests;
				PRODUCT_NAME = "$(TARGET_NAME)";
				STRING_CATALOG_GENERATE_SYMBOLS = NO;
				SWIFT_APPROACHABLE_CONCURRENCY = YES;
				SWIFT_EMIT_LOC_STRINGS = NO;
				SWIFT_UPCOMING_FEATURE_MEMBER_IMPORT_VISIBILITY = YES;
				SWIFT_VERSION = 5.0;
				TARGETED_DEVICE_FAMILY = "1,2";
				TEST_TARGET_NAME = Wefriendz;
			};
			name = Debug;
		};
		308B133D2EF9C631006BF4EB /* Release */ = {
			isa = XCBuildConfiguration;
			buildSettings = {
				CODE_SIGN_STYLE = Automatic;
				CURRENT_PROJECT_VERSION = 1;
				GENERATE_INFOPLIST_FILE = YES;
				MARKETING_VERSION = 1.0;
				PRODUCT_BUNDLE_IDENTIFIER = com.chinthaka.WefriendzUITests;
				PRODUCT_NAME = "$(TARGET_NAME)";
				STRING_CATALOG_GENERATE_SYMBOLS = NO;
				SWIFT_APPROACHABLE_CONCURRENCY = YES;
				SWIFT_EMIT_LOC_STRINGS = NO;
				SWIFT_UPCOMING_FEATURE_MEMBER_IMPORT_VISIBILITY = YES;
				SWIFT_VERSION = 5.0;
				TARGETED_DEVICE_FAMILY = "1,2";
				TEST_TARGET_NAME = Wefriendz;
			};
			name = Release;
		};
/* End XCBuildConfiguration section */

/* Begin XCConfigurationList section */
		308B130F2EF9C630006BF4EB /* Build configuration list for PBXProject "Wefriendz" */ = {
			isa = XCConfigurationList;
			buildConfigurations = (
				308B13332EF9C631006BF4EB /* Debug */,
				308B13342EF9C631006BF4EB /* Release */,
			);
			defaultConfigurationIsVisible = 0;
			defaultConfigurationName = Release;
		};
		308B13352EF9C631006BF4EB /* Build configuration list for PBXNativeTarget "Wefriendz" */ = {
			isa = XCConfigurationList;
			buildConfigurations = (
				308B13362EF9C631006BF4EB /* Debug */,
				308B13372EF9C631006BF4EB /* Release */,
			);
			defaultConfigurationIsVisible = 0;
			defaultConfigurationName = Release;
		};
		308B13382EF9C631006BF4EB /* Build configuration list for PBXNativeTarget "WefriendzTests" */ = {
			isa = XCConfigurationList;
			buildConfigurations = (
				308B13392EF9C631006BF4EB /* Debug */,
				308B133A2EF9C631006BF4EB /* Release */,
			);
			defaultConfigurationIsVisible = 0;
			defaultConfigurationName = Release;
		};
		308B133B2EF9C631006BF4EB /* Build configuration list for PBXNativeTarget "WefriendzUITests" */ = {
			isa = XCConfigurationList;
			buildConfigurations = (
				308B133C2EF9C631006BF4EB /* Debug */,
				308B133D2EF9C631006BF4EB /* Release */,
			);
			defaultConfigurationIsVisible = 0;
			defaultConfigurationName = Release;
		};
/* End XCConfigurationList section */

/* Begin XCRemoteSwiftPackageReference section */
		30B53AA82EFC5FC9009EB585 /* XCRemoteSwiftPackageReference "PlatformKit" */ = {
			isa = XCRemoteSwiftPackageReference;
			repositoryURL = "https://github.com/chinthaka01/PlatformKit.git";
			requirement = {
				kind = upToNextMajorVersion;
				minimumVersion = 1.0.1;
			};
		};
		30B53AAB2EFC5FDE009EB585 /* XCRemoteSwiftPackageReference "DesignSystem" */ = {
			isa = XCRemoteSwiftPackageReference;
			repositoryURL = "https://github.com/chinthaka01/DesignSystem.git";
			requirement = {
				kind = upToNextMajorVersion;
				minimumVersion = 1.0.0;
			};
		};
		30B53B892EFCA84D009EB585 /* XCRemoteSwiftPackageReference "FeedFeature" */ = {
			isa = XCRemoteSwiftPackageReference;
			repositoryURL = "https://github.com/chinthaka01/FeedFeature.git";
			requirement = {
				kind = upToNextMajorVersion;
				minimumVersion = 1.0.1;
			};
		};
		30B53B8C2EFCA860009EB585 /* XCRemoteSwiftPackageReference "FriendsFeature" */ = {
			isa = XCRemoteSwiftPackageReference;
			repositoryURL = "https://github.com/chinthaka01/FriendsFeature.git";
			requirement = {
				kind = upToNextMajorVersion;
				minimumVersion = 1.0.1;
			};
		};
		30B53B8F2EFCA871009EB585 /* XCRemoteSwiftPackageReference "ProfileFeature" */ = {
			isa = XCRemoteSwiftPackageReference;
			repositoryURL = "https://github.com/chinthaka01/ProfileFeature.git";
			requirement = {
				kind = upToNextMajorVersion;
				minimumVersion = 1.0.1;
			};
		};
/* End XCRemoteSwiftPackageReference section */

/* Begin XCSwiftPackageProductDependency section */
		30B53A8E2EFC5EF3009EB585 /* DesignSystem */ = {
			isa = XCSwiftPackageProductDependency;
			productName = DesignSystem;
		};
		30B53A912EFC5F03009EB585 /* PlatformKit */ = {
			isa = XCSwiftPackageProductDependency;
			productName = PlatformKit;
		};
		30B53A942EFC5F13009EB585 /* FeedFeature */ = {
			isa = XCSwiftPackageProductDependency;
			productName = FeedFeature;
		};
		30B53A972EFC5F23009EB585 /* FriendsFeature */ = {
			isa = XCSwiftPackageProductDependency;
			productName = FriendsFeature;
		};
		30B53A9A2EFC5F35009EB585 /* ProfileFeature */ = {
			isa = XCSwiftPackageProductDependency;
			productName = ProfileFeature;
		};
		30B53AA92EFC5FC9009EB585 /* PlatformKit */ = {
			isa = XCSwiftPackageProductDependency;
			package = 30B53AA82EFC5FC9009EB585 /* XCRemoteSwiftPackageReference "PlatformKit" */;
			productName = PlatformKit;
		};
		30B53AAC2EFC5FDE009EB585 /* DesignSystem */ = {
			isa = XCSwiftPackageProductDependency;
			package = 30B53AAB2EFC5FDE009EB585 /* XCRemoteSwiftPackageReference "DesignSystem" */;
			productName = DesignSystem;
		};
		30B53B8A2EFCA84D009EB585 /* FeedFeature */ = {
			isa = XCSwiftPackageProductDependency;
			package = 30B53B892EFCA84D009EB585 /* XCRemoteSwiftPackageReference "FeedFeature" */;
			productName = FeedFeature;
		};
		30B53B8D2EFCA860009EB585 /* FriendsFeature */ = {
			isa = XCSwiftPackageProductDependency;
			package = 30B53B8C2EFCA860009EB585 /* XCRemoteSwiftPackageReference "FriendsFeature" */;
			productName = FriendsFeature;
		};
		30B53B902EFCA871009EB585 /* ProfileFeature */ = {
			isa = XCSwiftPackageProductDependency;
			package = 30B53B8F2EFCA871009EB585 /* XCRemoteSwiftPackageReference "ProfileFeature" */;
			productName = ProfileFeature;
		};
/* End XCSwiftPackageProductDependency section */
	};
	rootObject = 308B130C2EF9C630006BF4EB /* Project object */;
}
