{
  "originHash" : "c37c3588df34022d950f5e477a780b650af1ba3542d99517a2265e282c874904",
  "pins" : [
    {
      "identity" : "designsystem",
      "kind" : "remoteSourceControl",
      "location" : "https://github.com/chinthaka01/DesignSystem.git",
      "state" : {
        "revision" : "0824665d0a45f3e559b5b933c2ba2479ef96f88a",
        "version" : "1.0.0"
      }
    },
    {
      "identity" : "feedfeature",
      "kind" : "remoteSourceControl",
      "location" : "https://github.com/chinthaka01/FeedFeature.git",
      "state" : {
        "revision" : "2043fce10909879b27e4850b94ab45a41844b962",
        "version" : "1.0.1"
      }
    },
    {
      "identity" : "friendsfeature",
      "kind" : "remoteSourceControl",
      "location" : "https://github.com/chinthaka01/FriendsFeature.git",
      "state" : {
        "revision" : "6a5f2d3909fc0952c41cd1a5fc1bae3209941cb7",
        "version" : "1.0.1"
      }
    },
    {
      "identity" : "platformkit",
      "kind" : "remoteSourceControl",
      "location" : "https://github.com/chinthaka01/PlatformKit.git",
      "state" : {
        "revision" : "46e8b8e1dbdcc7cd4c8f6766bc4f4ccb6be19845",
        "version" : "1.0.1"
      }
    },
    {
      "identity" : "profilefeature",
      "kind" : "remoteSourceControl",
      "location" : "https://github.com/chinthaka01/ProfileFeature.git",
      "state" : {
        "revision" : "7ae5e47f7b662b8da2ddc50804da98b8f08fd755",
        "version" : "1.0.1"
      }
    }
  ],
  "version" : 3
}
